// !$*UTF8*$!
{
	archiveVersion = 1;
	classes = {
	};
	objectVersion = 55;
	objects = {

/* Begin PBXBuildFile section */
		04299FD819671FBD00C4EC35 /* buecherverbrennung.png in Resources */ = {isa = PBXBuildFile; fileRef = 04299FD719671FBD00C4EC35 /* buecherverbrennung.png */; };
		043B4A0B1963039000576B7C /* about.html in Resources */ = {isa = PBXBuildFile; fileRef = 043B4A091963039000576B7C /* about.html */; };
		045DDDB7195F195700779702 /* testWiki.json in Resources */ = {isa = PBXBuildFile; fileRef = 045DDDB6195F195700779702 /* testWiki.json */; };
		045DDDB8195F195700779702 /* testWiki.json in Resources */ = {isa = PBXBuildFile; fileRef = 045DDDB6195F195700779702 /* testWiki.json */; };
		045DDDBE195F3C5300779702 /* MapKit.framework in Frameworks */ = {isa = PBXBuildFile; fileRef = 045DDDBD195F3C5300779702 /* MapKit.framework */; };
		047005C1196599D200DABFC0 /* impressum.html in Resources */ = {isa = PBXBuildFile; fileRef = 047005C0196599D200DABFC0 /* impressum.html */; };
		047005C2196599D200DABFC0 /* impressum.html in Resources */ = {isa = PBXBuildFile; fileRef = 047005C0196599D200DABFC0 /* impressum.html */; };
		048CE9551954A614005EA60E /* Foundation.framework in Frameworks */ = {isa = PBXBuildFile; fileRef = 048CE9541954A614005EA60E /* Foundation.framework */; };
		048CE9571954A614005EA60E /* CoreGraphics.framework in Frameworks */ = {isa = PBXBuildFile; fileRef = 048CE9561954A614005EA60E /* CoreGraphics.framework */; };
		048CE9591954A614005EA60E /* UIKit.framework in Frameworks */ = {isa = PBXBuildFile; fileRef = 048CE9581954A614005EA60E /* UIKit.framework */; };
		048CE95F1954A614005EA60E /* InfoPlist.strings in Resources */ = {isa = PBXBuildFile; fileRef = 048CE95D1954A614005EA60E /* InfoPlist.strings */; };
		048CE9611954A614005EA60E /* main.m in Sources */ = {isa = PBXBuildFile; fileRef = 048CE9601954A614005EA60E /* main.m */; };
		048CE9651954A614005EA60E /* VAUAppDelegate.m in Sources */ = {isa = PBXBuildFile; fileRef = 048CE9641954A614005EA60E /* VAUAppDelegate.m */; };
		048CE9681954A614005EA60E /* Main.storyboard in Resources */ = {isa = PBXBuildFile; fileRef = 048CE9661954A614005EA60E /* Main.storyboard */; };
		048CE96D1954A614005EA60E /* Images.xcassets in Resources */ = {isa = PBXBuildFile; fileRef = 048CE96C1954A614005EA60E /* Images.xcassets */; };
		048CE9741954A614005EA60E /* XCTest.framework in Frameworks */ = {isa = PBXBuildFile; fileRef = 048CE9731954A614005EA60E /* XCTest.framework */; };
		048CE9751954A614005EA60E /* Foundation.framework in Frameworks */ = {isa = PBXBuildFile; fileRef = 048CE9541954A614005EA60E /* Foundation.framework */; };
		048CE9761954A614005EA60E /* UIKit.framework in Frameworks */ = {isa = PBXBuildFile; fileRef = 048CE9581954A614005EA60E /* UIKit.framework */; };
		048CE97E1954A614005EA60E /* InfoPlist.strings in Resources */ = {isa = PBXBuildFile; fileRef = 048CE97C1954A614005EA60E /* InfoPlist.strings */; };
		048CE9801954A614005EA60E /* VerbannteAutorenTests.m in Sources */ = {isa = PBXBuildFile; fileRef = 048CE97F1954A614005EA60E /* VerbannteAutorenTests.m */; };
		048CE98A1954AD12005EA60E /* verbannte-buecher.json in Resources */ = {isa = PBXBuildFile; fileRef = 048CE9891954AD12005EA60E /* verbannte-buecher.json */; };
		048CE98B1954AD12005EA60E /* verbannte-buecher.json in Resources */ = {isa = PBXBuildFile; fileRef = 048CE9891954AD12005EA60E /* verbannte-buecher.json */; };
		048CE98E1954AD7E005EA60E /* VAUAuthorsViewController.m in Sources */ = {isa = PBXBuildFile; fileRef = 048CE98D1954AD7E005EA60E /* VAUAuthorsViewController.m */; };
		048CE98F1954AD7E005EA60E /* VAUAuthorsViewController.m in Sources */ = {isa = PBXBuildFile; fileRef = 048CE98D1954AD7E005EA60E /* VAUAuthorsViewController.m */; };
		04BC97F919559B19001803FC /* VAUAuthorDetailViewController.m in Sources */ = {isa = PBXBuildFile; fileRef = 04BC97F819559B19001803FC /* VAUAuthorDetailViewController.m */; };
		04BC97FA19559B19001803FC /* VAUAuthorDetailViewController.m in Sources */ = {isa = PBXBuildFile; fileRef = 04BC97F819559B19001803FC /* VAUAuthorDetailViewController.m */; };
		04C651E619600D36006D89FA /* VAU_Logo_29.png in Resources */ = {isa = PBXBuildFile; fileRef = 04C651DE19600D36006D89FA /* VAU_Logo_29.png */; };
		04C651E719600D36006D89FA /* VAU_Logo_40.png in Resources */ = {isa = PBXBuildFile; fileRef = 04C651DF19600D36006D89FA /* VAU_Logo_40.png */; };
		04C651E819600D36006D89FA /* VAU_Logo_58.png in Resources */ = {isa = PBXBuildFile; fileRef = 04C651E019600D36006D89FA /* VAU_Logo_58.png */; };
		04C651E919600D36006D89FA /* VAU_Logo_60.png in Resources */ = {isa = PBXBuildFile; fileRef = 04C651E119600D36006D89FA /* VAU_Logo_60.png */; };
		04C651EA19600D36006D89FA /* VAU_Logo_80.png in Resources */ = {isa = PBXBuildFile; fileRef = 04C651E219600D36006D89FA /* VAU_Logo_80.png */; };
		04C651EB19600D36006D89FA /* VAU_Logo_120.png in Resources */ = {isa = PBXBuildFile; fileRef = 04C651E319600D36006D89FA /* VAU_Logo_120.png */; };
		04C651EC19600D36006D89FA /* iTunesArtwork.png in Resources */ = {isa = PBXBuildFile; fileRef = 04C651E419600D36006D89FA /* iTunesArtwork.png */; };
		04C651ED19600D36006D89FA /* iTunesArtwork@2x.png in Resources */ = {isa = PBXBuildFile; fileRef = 04C651E519600D36006D89FA /* iTunesArtwork@2x.png */; };
		04C651F3196012AC006D89FA /* Collage_iPhone4.png in Resources */ = {isa = PBXBuildFile; fileRef = 04C651F2196012AC006D89FA /* Collage_iPhone4.png */; };
		04CC1EF319571F60000816C1 /* data.plist in Resources */ = {isa = PBXBuildFile; fileRef = 04CC1EF219571F60000816C1 /* data.plist */; };
		04CC1EF419571F60000816C1 /* data.plist in Resources */ = {isa = PBXBuildFile; fileRef = 04CC1EF219571F60000816C1 /* data.plist */; };
		04E8575919672880000EDF2F /* Contact@2x.png in Resources */ = {isa = PBXBuildFile; fileRef = 04E8575819672880000EDF2F /* Contact@2x.png */; };
		04E8575B196728A3000EDF2F /* Albums@2x.png in Resources */ = {isa = PBXBuildFile; fileRef = 04E8575A196728A3000EDF2F /* Albums@2x.png */; };
		04E8575D196728BF000EDF2F /* Shuffle@2x.png in Resources */ = {isa = PBXBuildFile; fileRef = 04E8575C196728BF000EDF2F /* Shuffle@2x.png */; };
		04E8575F196728D2000EDF2F /* Signpost@2x.png in Resources */ = {isa = PBXBuildFile; fileRef = 04E8575E196728D2000EDF2F /* Signpost@2x.png */; };
		04E8576419672920000EDF2F /* Albums.png in Resources */ = {isa = PBXBuildFile; fileRef = 04E8576019672920000EDF2F /* Albums.png */; };
		04E8576519672920000EDF2F /* Contact.png in Resources */ = {isa = PBXBuildFile; fileRef = 04E8576119672920000EDF2F /* Contact.png */; };
		04E8576619672920000EDF2F /* Shuffle.png in Resources */ = {isa = PBXBuildFile; fileRef = 04E8576219672920000EDF2F /* Shuffle.png */; };
		04E8576719672920000EDF2F /* Signpost.png in Resources */ = {isa = PBXBuildFile; fileRef = 04E8576319672920000EDF2F /* Signpost.png */; };
		04E8576919672E13000EDF2F /* main.css in Resources */ = {isa = PBXBuildFile; fileRef = 04E8576819672E13000EDF2F /* main.css */; };
		0E0077C1276145C2006C8CE1 /* LaunchScreen.storyboard in Resources */ = {isa = PBXBuildFile; fileRef = 0E0077C0276145C2006C8CE1 /* LaunchScreen.storyboard */; };
		0EA3A1FE27613312007FBB22 /* WebKit.framework in Frameworks */ = {isa = PBXBuildFile; fileRef = 0EA3A1FD27613312007FBB22 /* WebKit.framework */; };
		C618F8481963620D00AEF209 /* VAUIndexedListItem.m in Sources */ = {isa = PBXBuildFile; fileRef = C618F8471963620D00AEF209 /* VAUIndexedListItem.m */; };
		C618F84B196473EF00AEF209 /* LRIndexedCollationWithSearch.m in Sources */ = {isa = PBXBuildFile; fileRef = C618F849196473EF00AEF209 /* LRIndexedCollationWithSearch.m */; };
		C618F84C196473EF00AEF209 /* LRIndexedCollationWithSearch.m in Sources */ = {isa = PBXBuildFile; fileRef = C618F849196473EF00AEF209 /* LRIndexedCollationWithSearch.m */; };
		C618F84F196493F300AEF209 /* VAUDetailTableViewCell.m in Sources */ = {isa = PBXBuildFile; fileRef = C618F84E196493F300AEF209 /* VAUDetailTableViewCell.m */; };
		C618F850196493F300AEF209 /* VAUDetailTableViewCell.m in Sources */ = {isa = PBXBuildFile; fileRef = C618F84E196493F300AEF209 /* VAUDetailTableViewCell.m */; };
		C65C85321967067C00BB08EC /* VAUAboutListViewController.m in Sources */ = {isa = PBXBuildFile; fileRef = C65C852D1967067C00BB08EC /* VAUAboutListViewController.m */; };
		C65C85331967067C00BB08EC /* VAUImpressumViewController.m in Sources */ = {isa = PBXBuildFile; fileRef = C65C852F1967067C00BB08EC /* VAUImpressumViewController.m */; };
		C65C85371967183E00BB08EC /* VAURandomAuthorViewController.m in Sources */ = {isa = PBXBuildFile; fileRef = C65C85361967183E00BB08EC /* VAURandomAuthorViewController.m */; };
		C6832A041967323500765949 /* VAURandomTableViewCell.m in Sources */ = {isa = PBXBuildFile; fileRef = C6832A031967323500765949 /* VAURandomTableViewCell.m */; };
/* End PBXBuildFile section */

/* Begin PBXContainerItemProxy section */
		048CE9771954A614005EA60E /* PBXContainerItemProxy */ = {
			isa = PBXContainerItemProxy;
			containerPortal = 048CE9491954A614005EA60E /* Project object */;
			proxyType = 1;
			remoteGlobalIDString = 048CE9501954A614005EA60E;
			remoteInfo = VerbannteAutoren;
		};
/* End PBXContainerItemProxy section */

/* Begin PBXFileReference section */
		04299FD719671FBD00C4EC35 /* buecherverbrennung.png */ = {isa = PBXFileReference; lastKnownFileType = image.png; path = buecherverbrennung.png; sourceTree = "<group>"; };
		043B4A091963039000576B7C /* about.html */ = {isa = PBXFileReference; fileEncoding = 4; lastKnownFileType = text.html; path = about.html; sourceTree = "<group>"; };
		045DDDB6195F195700779702 /* testWiki.json */ = {isa = PBXFileReference; fileEncoding = 4; lastKnownFileType = text.json; path = testWiki.json; sourceTree = "<group>"; };
		045DDDBD195F3C5300779702 /* MapKit.framework */ = {isa = PBXFileReference; lastKnownFileType = wrapper.framework; name = MapKit.framework; path = System/Library/Frameworks/MapKit.framework; sourceTree = SDKROOT; };
		047005C0196599D200DABFC0 /* impressum.html */ = {isa = PBXFileReference; fileEncoding = 4; lastKnownFileType = text.html; path = impressum.html; sourceTree = "<group>"; };
		048CE9511954A614005EA60E /* Verbotene Autoren.app */ = {isa = PBXFileReference; explicitFileType = wrapper.application; includeInIndex = 0; path = "Verbotene Autoren.app"; sourceTree = BUILT_PRODUCTS_DIR; };
		048CE9541954A614005EA60E /* Foundation.framework */ = {isa = PBXFileReference; lastKnownFileType = wrapper.framework; name = Foundation.framework; path = System/Library/Frameworks/Foundation.framework; sourceTree = SDKROOT; };
		048CE9561954A614005EA60E /* CoreGraphics.framework */ = {isa = PBXFileReference; lastKnownFileType = wrapper.framework; name = CoreGraphics.framework; path = System/Library/Frameworks/CoreGraphics.framework; sourceTree = SDKROOT; };
		048CE9581954A614005EA60E /* UIKit.framework */ = {isa = PBXFileReference; lastKnownFileType = wrapper.framework; name = UIKit.framework; path = System/Library/Frameworks/UIKit.framework; sourceTree = SDKROOT; };
		048CE95C1954A614005EA60E /* Verbotene Autoren-Info.plist */ = {isa = PBXFileReference; lastKnownFileType = text.plist.xml; path = "Verbotene Autoren-Info.plist"; sourceTree = "<group>"; };
		048CE95E1954A614005EA60E /* en */ = {isa = PBXFileReference; lastKnownFileType = text.plist.strings; name = en; path = en.lproj/InfoPlist.strings; sourceTree = "<group>"; };
		048CE9601954A614005EA60E /* main.m */ = {isa = PBXFileReference; lastKnownFileType = sourcecode.c.objc; path = main.m; sourceTree = "<group>"; };
		048CE9621954A614005EA60E /* VerbannteAutoren-Prefix.pch */ = {isa = PBXFileReference; lastKnownFileType = sourcecode.c.h; path = "VerbannteAutoren-Prefix.pch"; sourceTree = "<group>"; };
		048CE9631954A614005EA60E /* VAUAppDelegate.h */ = {isa = PBXFileReference; lastKnownFileType = sourcecode.c.h; path = VAUAppDelegate.h; sourceTree = "<group>"; };
		048CE9641954A614005EA60E /* VAUAppDelegate.m */ = {isa = PBXFileReference; lastKnownFileType = sourcecode.c.objc; path = VAUAppDelegate.m; sourceTree = "<group>"; };
		048CE9671954A614005EA60E /* Base */ = {isa = PBXFileReference; lastKnownFileType = file.storyboard; name = Base; path = Base.lproj/Main.storyboard; sourceTree = "<group>"; };
		048CE96C1954A614005EA60E /* Images.xcassets */ = {isa = PBXFileReference; lastKnownFileType = folder.assetcatalog; path = Images.xcassets; sourceTree = "<group>"; };
		048CE9721954A614005EA60E /* Verbotene AutorenTests.xctest */ = {isa = PBXFileReference; explicitFileType = wrapper.cfbundle; includeInIndex = 0; path = "Verbotene AutorenTests.xctest"; sourceTree = BUILT_PRODUCTS_DIR; };
		048CE9731954A614005EA60E /* XCTest.framework */ = {isa = PBXFileReference; lastKnownFileType = wrapper.framework; name = XCTest.framework; path = Library/Frameworks/XCTest.framework; sourceTree = DEVELOPER_DIR; };
		048CE97B1954A614005EA60E /* Verbotene AutorenTests-Info.plist */ = {isa = PBXFileReference; lastKnownFileType = text.plist.xml; path = "Verbotene AutorenTests-Info.plist"; sourceTree = "<group>"; };
		048CE97D1954A614005EA60E /* en */ = {isa = PBXFileReference; lastKnownFileType = text.plist.strings; name = en; path = en.lproj/InfoPlist.strings; sourceTree = "<group>"; };
		048CE97F1954A614005EA60E /* VerbannteAutorenTests.m */ = {isa = PBXFileReference; lastKnownFileType = sourcecode.c.objc; path = VerbannteAutorenTests.m; sourceTree = "<group>"; };
		048CE9891954AD12005EA60E /* verbannte-buecher.json */ = {isa = PBXFileReference; fileEncoding = 4; lastKnownFileType = text.json; path = "verbannte-buecher.json"; sourceTree = "<group>"; };
		048CE98C1954AD7E005EA60E /* VAUAuthorsViewController.h */ = {isa = PBXFileReference; fileEncoding = 4; lastKnownFileType = sourcecode.c.h; path = VAUAuthorsViewController.h; sourceTree = "<group>"; };
		048CE98D1954AD7E005EA60E /* VAUAuthorsViewController.m */ = {isa = PBXFileReference; fileEncoding = 4; lastKnownFileType = sourcecode.c.objc; path = VAUAuthorsViewController.m; sourceTree = "<group>"; };
		04BC97F719559B19001803FC /* VAUAuthorDetailViewController.h */ = {isa = PBXFileReference; fileEncoding = 4; lastKnownFileType = sourcecode.c.h; path = VAUAuthorDetailViewController.h; sourceTree = "<group>"; };
		04BC97F819559B19001803FC /* VAUAuthorDetailViewController.m */ = {isa = PBXFileReference; fileEncoding = 4; lastKnownFileType = sourcecode.c.objc; path = VAUAuthorDetailViewController.m; sourceTree = "<group>"; };
		04C651DE19600D36006D89FA /* VAU_Logo_29.png */ = {isa = PBXFileReference; lastKnownFileType = image.png; path = VAU_Logo_29.png; sourceTree = "<group>"; };
		04C651DF19600D36006D89FA /* VAU_Logo_40.png */ = {isa = PBXFileReference; lastKnownFileType = image.png; path = VAU_Logo_40.png; sourceTree = "<group>"; };
		04C651E019600D36006D89FA /* VAU_Logo_58.png */ = {isa = PBXFileReference; lastKnownFileType = image.png; path = VAU_Logo_58.png; sourceTree = "<group>"; };
		04C651E119600D36006D89FA /* VAU_Logo_60.png */ = {isa = PBXFileReference; lastKnownFileType = image.png; path = VAU_Logo_60.png; sourceTree = "<group>"; };
		04C651E219600D36006D89FA /* VAU_Logo_80.png */ = {isa = PBXFileReference; lastKnownFileType = image.png; path = VAU_Logo_80.png; sourceTree = "<group>"; };
		04C651E319600D36006D89FA /* VAU_Logo_120.png */ = {isa = PBXFileReference; lastKnownFileType = image.png; path = VAU_Logo_120.png; sourceTree = "<group>"; };
		04C651E419600D36006D89FA /* iTunesArtwork.png */ = {isa = PBXFileReference; lastKnownFileType = image.png; path = iTunesArtwork.png; sourceTree = "<group>"; };
		04C651E519600D36006D89FA /* iTunesArtwork@2x.png */ = {isa = PBXFileReference; lastKnownFileType = image.png; path = "iTunesArtwork@2x.png"; sourceTree = "<group>"; };
		04C651F2196012AC006D89FA /* Collage_iPhone4.png */ = {isa = PBXFileReference; lastKnownFileType = image.png; path = Collage_iPhone4.png; sourceTree = "<group>"; };
		04CC1EF219571F60000816C1 /* data.plist */ = {isa = PBXFileReference; fileEncoding = 4; lastKnownFileType = text.plist.xml; path = data.plist; sourceTree = "<group>"; };
		04E8575819672880000EDF2F /* Contact@2x.png */ = {isa = PBXFileReference; lastKnownFileType = image.png; path = "Contact@2x.png"; sourceTree = "<group>"; };
		04E8575A196728A3000EDF2F /* Albums@2x.png */ = {isa = PBXFileReference; lastKnownFileType = image.png; path = "Albums@2x.png"; sourceTree = "<group>"; };
		04E8575C196728BF000EDF2F /* Shuffle@2x.png */ = {isa = PBXFileReference; lastKnownFileType = image.png; path = "Shuffle@2x.png"; sourceTree = "<group>"; };
		04E8575E196728D2000EDF2F /* Signpost@2x.png */ = {isa = PBXFileReference; lastKnownFileType = image.png; path = "Signpost@2x.png"; sourceTree = "<group>"; };
		04E8576019672920000EDF2F /* Albums.png */ = {isa = PBXFileReference; lastKnownFileType = image.png; path = Albums.png; sourceTree = "<group>"; };
		04E8576119672920000EDF2F /* Contact.png */ = {isa = PBXFileReference; lastKnownFileType = image.png; path = Contact.png; sourceTree = "<group>"; };
		04E8576219672920000EDF2F /* Shuffle.png */ = {isa = PBXFileReference; lastKnownFileType = image.png; path = Shuffle.png; sourceTree = "<group>"; };
		04E8576319672920000EDF2F /* Signpost.png */ = {isa = PBXFileReference; lastKnownFileType = image.png; path = Signpost.png; sourceTree = "<group>"; };
		04E8576819672E13000EDF2F /* main.css */ = {isa = PBXFileReference; fileEncoding = 4; lastKnownFileType = text.css; path = main.css; sourceTree = "<group>"; };
		0E0077C0276145C2006C8CE1 /* LaunchScreen.storyboard */ = {isa = PBXFileReference; lastKnownFileType = file.storyboard; path = LaunchScreen.storyboard; sourceTree = "<group>"; };
		0EA3A1FD27613312007FBB22 /* WebKit.framework */ = {isa = PBXFileReference; lastKnownFileType = wrapper.framework; name = WebKit.framework; path = System/Library/Frameworks/WebKit.framework; sourceTree = SDKROOT; };
		C618F8461963620D00AEF209 /* VAUIndexedListItem.h */ = {isa = PBXFileReference; fileEncoding = 4; lastKnownFileType = sourcecode.c.h; path = VAUIndexedListItem.h; sourceTree = "<group>"; };
		C618F8471963620D00AEF209 /* VAUIndexedListItem.m */ = {isa = PBXFileReference; fileEncoding = 4; lastKnownFileType = sourcecode.c.objc; path = VAUIndexedListItem.m; sourceTree = "<group>"; };
		C618F849196473EF00AEF209 /* LRIndexedCollationWithSearch.m */ = {isa = PBXFileReference; fileEncoding = 4; lastKnownFileType = sourcecode.c.objc; path = LRIndexedCollationWithSearch.m; sourceTree = "<group>"; };
		C618F84A196473EF00AEF209 /* LRIndexedCollationWithSearch.h */ = {isa = PBXFileReference; fileEncoding = 4; lastKnownFileType = sourcecode.c.h; path = LRIndexedCollationWithSearch.h; sourceTree = "<group>"; };
		C618F84D196493F300AEF209 /* VAUDetailTableViewCell.h */ = {isa = PBXFileReference; fileEncoding = 4; lastKnownFileType = sourcecode.c.h; path = VAUDetailTableViewCell.h; sourceTree = "<group>"; };
		C618F84E196493F300AEF209 /* VAUDetailTableViewCell.m */ = {isa = PBXFileReference; fileEncoding = 4; lastKnownFileType = sourcecode.c.objc; path = VAUDetailTableViewCell.m; sourceTree = "<group>"; };
		C65C852C1967067C00BB08EC /* VAUAboutListViewController.h */ = {isa = PBXFileReference; fileEncoding = 4; lastKnownFileType = sourcecode.c.h; path = VAUAboutListViewController.h; sourceTree = "<group>"; };
		C65C852D1967067C00BB08EC /* VAUAboutListViewController.m */ = {isa = PBXFileReference; fileEncoding = 4; lastKnownFileType = sourcecode.c.objc; path = VAUAboutListViewController.m; sourceTree = "<group>"; };
		C65C852E1967067C00BB08EC /* VAUImpressumViewController.h */ = {isa = PBXFileReference; fileEncoding = 4; lastKnownFileType = sourcecode.c.h; path = VAUImpressumViewController.h; sourceTree = "<group>"; };
		C65C852F1967067C00BB08EC /* VAUImpressumViewController.m */ = {isa = PBXFileReference; fileEncoding = 4; lastKnownFileType = sourcecode.c.objc; path = VAUImpressumViewController.m; sourceTree = "<group>"; };
		C65C85351967183E00BB08EC /* VAURandomAuthorViewController.h */ = {isa = PBXFileReference; fileEncoding = 4; lastKnownFileType = sourcecode.c.h; path = VAURandomAuthorViewController.h; sourceTree = "<group>"; };
		C65C85361967183E00BB08EC /* VAURandomAuthorViewController.m */ = {isa = PBXFileReference; fileEncoding = 4; lastKnownFileType = sourcecode.c.objc; path = VAURandomAuthorViewController.m; sourceTree = "<group>"; };
		C6832A021967323500765949 /* VAURandomTableViewCell.h */ = {isa = PBXFileReference; fileEncoding = 4; lastKnownFileType = sourcecode.c.h; path = VAURandomTableViewCell.h; sourceTree = "<group>"; };
		C6832A031967323500765949 /* VAURandomTableViewCell.m */ = {isa = PBXFileReference; fileEncoding = 4; lastKnownFileType = sourcecode.c.objc; path = VAURandomTableViewCell.m; sourceTree = "<group>"; };
/* End PBXFileReference section */

/* Begin PBXFrameworksBuildPhase section */
		048CE94E1954A614005EA60E /* Frameworks */ = {
			isa = PBXFrameworksBuildPhase;
			buildActionMask = 2147483647;
			files = (
				0EA3A1FE27613312007FBB22 /* WebKit.framework in Frameworks */,
				045DDDBE195F3C5300779702 /* MapKit.framework in Frameworks */,
				048CE9571954A614005EA60E /* CoreGraphics.framework in Frameworks */,
				048CE9591954A614005EA60E /* UIKit.framework in Frameworks */,
				048CE9551954A614005EA60E /* Foundation.framework in Frameworks */,
			);
			runOnlyForDeploymentPostprocessing = 0;
		};
		048CE96F1954A614005EA60E /* Frameworks */ = {
			isa = PBXFrameworksBuildPhase;
			buildActionMask = 2147483647;
			files = (
				048CE9741954A614005EA60E /* XCTest.framework in Frameworks */,
				048CE9761954A614005EA60E /* UIKit.framework in Frameworks */,
				048CE9751954A614005EA60E /* Foundation.framework in Frameworks */,
			);
			runOnlyForDeploymentPostprocessing = 0;
		};
/* End PBXFrameworksBuildPhase section */

/* Begin PBXGroup section */
		048CE9481954A614005EA60E = {
			isa = PBXGroup;
			children = (
				048CE95A1954A614005EA60E /* VerbannteAutoren */,
				048CE9791954A614005EA60E /* VerbannteAutorenTests */,
				048CE9531954A614005EA60E /* Frameworks */,
				048CE9521954A614005EA60E /* Products */,
			);
			sourceTree = "<group>";
		};
		048CE9521954A614005EA60E /* Products */ = {
			isa = PBXGroup;
			children = (
				048CE9511954A614005EA60E /* Verbotene Autoren.app */,
				048CE9721954A614005EA60E /* Verbotene AutorenTests.xctest */,
			);
			name = Products;
			sourceTree = "<group>";
		};
		048CE9531954A614005EA60E /* Frameworks */ = {
			isa = PBXGroup;
			children = (
				0EA3A1FD27613312007FBB22 /* WebKit.framework */,
				045DDDBD195F3C5300779702 /* MapKit.framework */,
				048CE9541954A614005EA60E /* Foundation.framework */,
				048CE9561954A614005EA60E /* CoreGraphics.framework */,
				048CE9581954A614005EA60E /* UIKit.framework */,
				048CE9731954A614005EA60E /* XCTest.framework */,
			);
			name = Frameworks;
			sourceTree = "<group>";
		};
		048CE95A1954A614005EA60E /* VerbannteAutoren */ = {
			isa = PBXGroup;
			children = (
				048CE9631954A614005EA60E /* VAUAppDelegate.h */,
				048CE9641954A614005EA60E /* VAUAppDelegate.m */,
				048CE9661954A614005EA60E /* Main.storyboard */,
				048CE98C1954AD7E005EA60E /* VAUAuthorsViewController.h */,
				0E0077C0276145C2006C8CE1 /* LaunchScreen.storyboard */,
				048CE98D1954AD7E005EA60E /* VAUAuthorsViewController.m */,
				04BC97F719559B19001803FC /* VAUAuthorDetailViewController.h */,
				04BC97F819559B19001803FC /* VAUAuthorDetailViewController.m */,
				C618F84D196493F300AEF209 /* VAUDetailTableViewCell.h */,
				C618F84E196493F300AEF209 /* VAUDetailTableViewCell.m */,
				C618F849196473EF00AEF209 /* LRIndexedCollationWithSearch.m */,
				C618F84A196473EF00AEF209 /* LRIndexedCollationWithSearch.h */,
				C65C852C1967067C00BB08EC /* VAUAboutListViewController.h */,
				C65C852D1967067C00BB08EC /* VAUAboutListViewController.m */,
				C65C852E1967067C00BB08EC /* VAUImpressumViewController.h */,
				C65C852F1967067C00BB08EC /* VAUImpressumViewController.m */,
				048CE96C1954A614005EA60E /* Images.xcassets */,
				048CE95B1954A614005EA60E /* Supporting Files */,
				C618F8461963620D00AEF209 /* VAUIndexedListItem.h */,
				C618F8471963620D00AEF209 /* VAUIndexedListItem.m */,
				C65C85351967183E00BB08EC /* VAURandomAuthorViewController.h */,
				C65C85361967183E00BB08EC /* VAURandomAuthorViewController.m */,
				C6832A021967323500765949 /* VAURandomTableViewCell.h */,
				C6832A031967323500765949 /* VAURandomTableViewCell.m */,
			);
			path = VerbannteAutoren;
			sourceTree = "<group>";
		};
		048CE95B1954A614005EA60E /* Supporting Files */ = {
			isa = PBXGroup;
			children = (
				04E8576819672E13000EDF2F /* main.css */,
				043B4A091963039000576B7C /* about.html */,
				047005C0196599D200DABFC0 /* impressum.html */,
				04E857551967285A000EDF2F /* Tab Bar */,
				04299FD719671FBD00C4EC35 /* buecherverbrennung.png */,
				04C651F2196012AC006D89FA /* Collage_iPhone4.png */,
				04C651DD19600D24006D89FA /* AppIcon */,
				045DDDB6195F195700779702 /* testWiki.json */,
				04CC1EF219571F60000816C1 /* data.plist */,
				048CE95C1954A614005EA60E /* Verbotene Autoren-Info.plist */,
				048CE9891954AD12005EA60E /* verbannte-buecher.json */,
				048CE95D1954A614005EA60E /* InfoPlist.strings */,
				048CE9601954A614005EA60E /* main.m */,
				048CE9621954A614005EA60E /* VerbannteAutoren-Prefix.pch */,
			);
			name = "Supporting Files";
			sourceTree = "<group>";
		};
		048CE9791954A614005EA60E /* VerbannteAutorenTests */ = {
			isa = PBXGroup;
			children = (
				048CE97F1954A614005EA60E /* VerbannteAutorenTests.m */,
				048CE97A1954A614005EA60E /* Supporting Files */,
			);
			path = VerbannteAutorenTests;
			sourceTree = "<group>";
		};
		048CE97A1954A614005EA60E /* Supporting Files */ = {
			isa = PBXGroup;
			children = (
				048CE97B1954A614005EA60E /* Verbotene AutorenTests-Info.plist */,
				048CE97C1954A614005EA60E /* InfoPlist.strings */,
			);
			name = "Supporting Files";
			sourceTree = "<group>";
		};
		04C651DD19600D24006D89FA /* AppIcon */ = {
			isa = PBXGroup;
			children = (
				04C651DE19600D36006D89FA /* VAU_Logo_29.png */,
				04C651DF19600D36006D89FA /* VAU_Logo_40.png */,
				04C651E019600D36006D89FA /* VAU_Logo_58.png */,
				04C651E119600D36006D89FA /* VAU_Logo_60.png */,
				04C651E219600D36006D89FA /* VAU_Logo_80.png */,
				04C651E319600D36006D89FA /* VAU_Logo_120.png */,
				04C651E419600D36006D89FA /* iTunesArtwork.png */,
				04C651E519600D36006D89FA /* iTunesArtwork@2x.png */,
			);
			name = AppIcon;
			sourceTree = "<group>";
		};
		04E857551967285A000EDF2F /* Tab Bar */ = {
			isa = PBXGroup;
			children = (
				04E8576019672920000EDF2F /* Albums.png */,
				04E8576119672920000EDF2F /* Contact.png */,
				04E8576219672920000EDF2F /* Shuffle.png */,
				04E8576319672920000EDF2F /* Signpost.png */,
				04E8575E196728D2000EDF2F /* Signpost@2x.png */,
				04E8575C196728BF000EDF2F /* Shuffle@2x.png */,
				04E8575A196728A3000EDF2F /* Albums@2x.png */,
				04E8575819672880000EDF2F /* Contact@2x.png */,
			);
			name = "Tab Bar";
			sourceTree = "<group>";
		};
/* End PBXGroup section */

/* Begin PBXNativeTarget section */
		048CE9501954A614005EA60E /* Verbotene Autoren */ = {
			isa = PBXNativeTarget;
			buildConfigurationList = 048CE9831954A614005EA60E /* Build configuration list for PBXNativeTarget "Verbotene Autoren" */;
			buildPhases = (
				048CE94D1954A614005EA60E /* Sources */,
				048CE94E1954A614005EA60E /* Frameworks */,
				048CE94F1954A614005EA60E /* Resources */,
			);
			buildRules = (
			);
			dependencies = (
			);
			name = "Verbotene Autoren";
			productName = VerbannteAutoren;
			productReference = 048CE9511954A614005EA60E /* Verbotene Autoren.app */;
			productType = "com.apple.product-type.application";
		};
		048CE9711954A614005EA60E /* Verbotene AutorenTests */ = {
			isa = PBXNativeTarget;
			buildConfigurationList = 048CE9861954A614005EA60E /* Build configuration list for PBXNativeTarget "Verbotene AutorenTests" */;
			buildPhases = (
				048CE96E1954A614005EA60E /* Sources */,
				048CE96F1954A614005EA60E /* Frameworks */,
				048CE9701954A614005EA60E /* Resources */,
			);
			buildRules = (
			);
			dependencies = (
				048CE9781954A614005EA60E /* PBXTargetDependency */,
			);
			name = "Verbotene AutorenTests";
			productName = VerbannteAutorenTests;
			productReference = 048CE9721954A614005EA60E /* Verbotene AutorenTests.xctest */;
			productType = "com.apple.product-type.bundle.unit-test";
		};
/* End PBXNativeTarget section */

/* Begin PBXProject section */
		048CE9491954A614005EA60E /* Project object */ = {
			isa = PBXProject;
			attributes = {
				CLASSPREFIX = VAU;
				LastUpgradeCheck = 1310;
				ORGANIZATIONNAME = "Mr Fridge Software & Digitale Akademie";
				TargetAttributes = {
					048CE9501954A614005EA60E = {
						DevelopmentTeam = 3UAW763979;
						SystemCapabilities = {
							com.apple.iOS = {
								enabled = 0;
							};
						};
					};
					048CE9711954A614005EA60E = {
						TestTargetID = 048CE9501954A614005EA60E;
					};
				};
			};
			buildConfigurationList = 048CE94C1954A614005EA60E /* Build configuration list for PBXProject "Verbotene Autoren" */;
			compatibilityVersion = "Xcode 13.0";
			developmentRegion = en;
			hasScannedForEncodings = 0;
			knownRegions = (
				en,
				Base,
			);
			mainGroup = 048CE9481954A614005EA60E;
			productRefGroup = 048CE9521954A614005EA60E /* Products */;
			projectDirPath = "";
			projectRoot = "";
			targets = (
				048CE9501954A614005EA60E /* Verbotene Autoren */,
				048CE9711954A614005EA60E /* Verbotene AutorenTests */,
			);
		};
/* End PBXProject section */

/* Begin PBXResourcesBuildPhase section */
		048CE94F1954A614005EA60E /* Resources */ = {
			isa = PBXResourcesBuildPhase;
			buildActionMask = 2147483647;
			files = (
				047005C1196599D200DABFC0 /* impressum.html in Resources */,
				04C651EC19600D36006D89FA /* iTunesArtwork.png in Resources */,
				048CE96D1954A614005EA60E /* Images.xcassets in Resources */,
				04C651EB19600D36006D89FA /* VAU_Logo_120.png in Resources */,
				04C651E719600D36006D89FA /* VAU_Logo_40.png in Resources */,
				04299FD819671FBD00C4EC35 /* buecherverbrennung.png in Resources */,
				04E8576419672920000EDF2F /* Albums.png in Resources */,
				04C651E619600D36006D89FA /* VAU_Logo_29.png in Resources */,
				048CE95F1954A614005EA60E /* InfoPlist.strings in Resources */,
				048CE98A1954AD12005EA60E /* verbannte-buecher.json in Resources */,
				045DDDB7195F195700779702 /* testWiki.json in Resources */,
				04E8576919672E13000EDF2F /* main.css in Resources */,
				043B4A0B1963039000576B7C /* about.html in Resources */,
				04CC1EF319571F60000816C1 /* data.plist in Resources */,
				048CE9681954A614005EA60E /* Main.storyboard in Resources */,
				04C651F3196012AC006D89FA /* Collage_iPhone4.png in Resources */,
				04C651ED19600D36006D89FA /* iTunesArtwork@2x.png in Resources */,
				04C651E819600D36006D89FA /* VAU_Logo_58.png in Resources */,
				04C651E919600D36006D89FA /* VAU_Logo_60.png in Resources */,
				04E8576519672920000EDF2F /* Contact.png in Resources */,
				04E8575F196728D2000EDF2F /* Signpost@2x.png in Resources */,
				04C651EA19600D36006D89FA /* VAU_Logo_80.png in Resources */,
				04E8576619672920000EDF2F /* Shuffle.png in Resources */,
				04E8575B196728A3000EDF2F /* Albums@2x.png in Resources */,
				04E8575919672880000EDF2F /* Contact@2x.png in Resources */,
				0E0077C1276145C2006C8CE1 /* LaunchScreen.storyboard in Resources */,
				04E8576719672920000EDF2F /* Signpost.png in Resources */,
				04E8575D196728BF000EDF2F /* Shuffle@2x.png in Resources */,
			);
			runOnlyForDeploymentPostprocessing = 0;
		};
		048CE9701954A614005EA60E /* Resources */ = {
			isa = PBXResourcesBuildPhase;
			buildActionMask = 2147483647;
			files = (
				04CC1EF419571F60000816C1 /* data.plist in Resources */,
				047005C2196599D200DABFC0 /* impressum.html in Resources */,
				045DDDB8195F195700779702 /* testWiki.json in Resources */,
				048CE98B1954AD12005EA60E /* verbannte-buecher.json in Resources */,
				048CE97E1954A614005EA60E /* InfoPlist.strings in Resources */,
			);
			runOnlyForDeploymentPostprocessing = 0;
		};
/* End PBXResourcesBuildPhase section */

/* Begin PBXSourcesBuildPhase section */
		048CE94D1954A614005EA60E /* Sources */ = {
			isa = PBXSourcesBuildPhase;
			buildActionMask = 2147483647;
			files = (
				048CE9611954A614005EA60E /* main.m in Sources */,
				C65C85371967183E00BB08EC /* VAURandomAuthorViewController.m in Sources */,
				C65C85331967067C00BB08EC /* VAUImpressumViewController.m in Sources */,
				C618F84B196473EF00AEF209 /* LRIndexedCollationWithSearch.m in Sources */,
				048CE98E1954AD7E005EA60E /* VAUAuthorsViewController.m in Sources */,
				C65C85321967067C00BB08EC /* VAUAboutListViewController.m in Sources */,
				C6832A041967323500765949 /* VAURandomTableViewCell.m in Sources */,
				048CE9651954A614005EA60E /* VAUAppDelegate.m in Sources */,
				04BC97F919559B19001803FC /* VAUAuthorDetailViewController.m in Sources */,
				C618F8481963620D00AEF209 /* VAUIndexedListItem.m in Sources */,
				C618F84F196493F300AEF209 /* VAUDetailTableViewCell.m in Sources */,
			);
			runOnlyForDeploymentPostprocessing = 0;
		};
		048CE96E1954A614005EA60E /* Sources */ = {
			isa = PBXSourcesBuildPhase;
			buildActionMask = 2147483647;
			files = (
				048CE98F1954AD7E005EA60E /* VAUAuthorsViewController.m in Sources */,
				C618F84C196473EF00AEF209 /* LRIndexedCollationWithSearch.m in Sources */,
				048CE9801954A614005EA60E /* VerbannteAutorenTests.m in Sources */,
				C618F850196493F300AEF209 /* VAUDetailTableViewCell.m in Sources */,
				04BC97FA19559B19001803FC /* VAUAuthorDetailViewController.m in Sources */,
			);
			runOnlyForDeploymentPostprocessing = 0;
		};
/* End PBXSourcesBuildPhase section */

/* Begin PBXTargetDependency section */
		048CE9781954A614005EA60E /* PBXTargetDependency */ = {
			isa = PBXTargetDependency;
			target = 048CE9501954A614005EA60E /* Verbotene Autoren */;
			targetProxy = 048CE9771954A614005EA60E /* PBXContainerItemProxy */;
		};
/* End PBXTargetDependency section */

/* Begin PBXVariantGroup section */
		048CE95D1954A614005EA60E /* InfoPlist.strings */ = {
			isa = PBXVariantGroup;
			children = (
				048CE95E1954A614005EA60E /* en */,
			);
			name = InfoPlist.strings;
			sourceTree = "<group>";
		};
		048CE9661954A614005EA60E /* Main.storyboard */ = {
			isa = PBXVariantGroup;
			children = (
				048CE9671954A614005EA60E /* Base */,
			);
			name = Main.storyboard;
			sourceTree = "<group>";
		};
		048CE97C1954A614005EA60E /* InfoPlist.strings */ = {
			isa = PBXVariantGroup;
			children = (
				048CE97D1954A614005EA60E /* en */,
			);
			name = InfoPlist.strings;
			sourceTree = "<group>";
		};
/* End PBXVariantGroup section */

/* Begin XCBuildConfiguration section */
		048CE9811954A614005EA60E /* Debug */ = {
			isa = XCBuildConfiguration;
			buildSettings = {
				ALWAYS_SEARCH_USER_PATHS = NO;
				CLANG_ANALYZER_LOCALIZABILITY_NONLOCALIZED = YES;
				CLANG_CXX_LANGUAGE_STANDARD = "gnu++0x";
				CLANG_CXX_LIBRARY = "libc++";
				CLANG_ENABLE_MODULES = YES;
				CLANG_ENABLE_OBJC_ARC = YES;
				CLANG_WARN_BLOCK_CAPTURE_AUTORELEASING = YES;
				CLANG_WARN_BOOL_CONVERSION = YES;
				CLANG_WARN_COMMA = YES;
				CLANG_WARN_CONSTANT_CONVERSION = YES;
				CLANG_WARN_DEPRECATED_OBJC_IMPLEMENTATIONS = YES;
				CLANG_WARN_DIRECT_OBJC_ISA_USAGE = YES_ERROR;
				CLANG_WARN_EMPTY_BODY = YES;
				CLANG_WARN_ENUM_CONVERSION = YES;
				CLANG_WARN_INFINITE_RECURSION = YES;
				CLANG_WARN_INT_CONVERSION = YES;
				CLANG_WARN_NON_LITERAL_NULL_CONVERSION = YES;
				CLANG_WARN_OBJC_IMPLICIT_RETAIN_SELF = YES;
				CLANG_WARN_OBJC_LITERAL_CONVERSION = YES;
				CLANG_WARN_OBJC_ROOT_CLASS = YES_ERROR;
				CLANG_WARN_QUOTED_INCLUDE_IN_FRAMEWORK_HEADER = YES;
				CLANG_WARN_RANGE_LOOP_ANALYSIS = YES;
				CLANG_WARN_STRICT_PROTOTYPES = YES;
				CLANG_WARN_SUSPICIOUS_MOVE = YES;
				CLANG_WARN_UNREACHABLE_CODE = YES;
				CLANG_WARN__DUPLICATE_METHOD_MATCH = YES;
				"CODE_SIGN_IDENTITY[sdk=iphoneos*]" = "iPhone Developer";
				COPY_PHASE_STRIP = NO;
				ENABLE_STRICT_OBJC_MSGSEND = YES;
				ENABLE_TESTABILITY = YES;
				GCC_C_LANGUAGE_STANDARD = gnu99;
				GCC_DYNAMIC_NO_PIC = NO;
				GCC_NO_COMMON_BLOCKS = YES;
				GCC_OPTIMIZATION_LEVEL = 0;
				GCC_PREPROCESSOR_DEFINITIONS = (
					"DEBUG=1",
					"$(inherited)",
				);
				GCC_SYMBOLS_PRIVATE_EXTERN = NO;
				GCC_WARN_64_TO_32_BIT_CONVERSION = YES;
				GCC_WARN_ABOUT_RETURN_TYPE = YES_ERROR;
				GCC_WARN_UNDECLARED_SELECTOR = YES;
				GCC_WARN_UNINITIALIZED_AUTOS = YES_AGGRESSIVE;
				GCC_WARN_UNUSED_FUNCTION = YES;
				GCC_WARN_UNUSED_VARIABLE = YES;
				IPHONEOS_DEPLOYMENT_TARGET = 15.0;
				ONLY_ACTIVE_ARCH = YES;
				SDKROOT = iphoneos;
			};
			name = Debug;
		};
		048CE9821954A614005EA60E /* Release */ = {
			isa = XCBuildConfiguration;
			buildSettings = {
				ALWAYS_SEARCH_USER_PATHS = NO;
				CLANG_ANALYZER_LOCALIZABILITY_NONLOCALIZED = YES;
				CLANG_CXX_LANGUAGE_STANDARD = "gnu++0x";
				CLANG_CXX_LIBRARY = "libc++";
				CLANG_ENABLE_MODULES = YES;
				CLANG_ENABLE_OBJC_ARC = YES;
				CLANG_WARN_BLOCK_CAPTURE_AUTORELEASING = YES;
				CLANG_WARN_BOOL_CONVERSION = YES;
				CLANG_WARN_COMMA = YES;
				CLANG_WARN_CONSTANT_CONVERSION = YES;
				CLANG_WARN_DEPRECATED_OBJC_IMPLEMENTATIONS = YES;
				CLANG_WARN_DIRECT_OBJC_ISA_USAGE = YES_ERROR;
				CLANG_WARN_EMPTY_BODY = YES;
				CLANG_WARN_ENUM_CONVERSION = YES;
				CLANG_WARN_INFINITE_RECURSION = YES;
				CLANG_WARN_INT_CONVERSION = YES;
				CLANG_WARN_NON_LITERAL_NULL_CONVERSION = YES;
				CLANG_WARN_OBJC_IMPLICIT_RETAIN_SELF = YES;
				CLANG_WARN_OBJC_LITERAL_CONVERSION = YES;
				CLANG_WARN_OBJC_ROOT_CLASS = YES_ERROR;
				CLANG_WARN_QUOTED_INCLUDE_IN_FRAMEWORK_HEADER = YES;
				CLANG_WARN_RANGE_LOOP_ANALYSIS = YES;
				CLANG_WARN_STRICT_PROTOTYPES = YES;
				CLANG_WARN_SUSPICIOUS_MOVE = YES;
				CLANG_WARN_UNREACHABLE_CODE = YES;
				CLANG_WARN__DUPLICATE_METHOD_MATCH = YES;
				CODE_SIGN_IDENTITY = "iPhone Distribution: Reimers Gabriel, Peinelt Julius & Neovesky Anna  (3UAW763979)";
				"CODE_SIGN_IDENTITY[sdk=iphoneos*]" = "iPhone Distribution: Reimers Gabriel, Peinelt Julius & Neovesky Anna  (3UAW763979)";
				COPY_PHASE_STRIP = YES;
				ENABLE_NS_ASSERTIONS = NO;
				ENABLE_STRICT_OBJC_MSGSEND = YES;
				GCC_C_LANGUAGE_STANDARD = gnu99;
				GCC_NO_COMMON_BLOCKS = YES;
				GCC_WARN_64_TO_32_BIT_CONVERSION = YES;
				GCC_WARN_ABOUT_RETURN_TYPE = YES_ERROR;
				GCC_WARN_UNDECLARED_SELECTOR = YES;
				GCC_WARN_UNINITIALIZED_AUTOS = YES_AGGRESSIVE;
				GCC_WARN_UNUSED_FUNCTION = YES;
				GCC_WARN_UNUSED_VARIABLE = YES;
				IPHONEOS_DEPLOYMENT_TARGET = 15.0;
				SDKROOT = iphoneos;
				VALIDATE_PRODUCT = YES;
			};
			name = Release;
		};
		048CE9841954A614005EA60E /* Debug */ = {
			isa = XCBuildConfiguration;
			buildSettings = {
				ASSETCATALOG_COMPILER_APPICON_NAME = AppIcon;
				ASSETCATALOG_COMPILER_LAUNCHIMAGE_NAME = LaunchImage;
				CODE_SIGN_IDENTITY = "";
				GCC_PRECOMPILE_PREFIX_HEADER = YES;
				GCC_PREFIX_HEADER = "VerbannteAutoren/Verbotene Autoren-Prefix.pch";
				INFOPLIST_FILE = "VerbannteAutoren/Verbotene Autoren-Info.plist";
				PRODUCT_BUNDLE_IDENTIFIER = "com.mr-fridge.${PRODUCT_NAME:rfc1034identifier}";
				PRODUCT_NAME = "Verbotene Autoren";
				PROVISIONING_PROFILE = "E066D4D9-7AD1-45C3-8A30-A19664D9CE11";
				WRAPPER_EXTENSION = app;
			};
			name = Debug;
		};
		048CE9851954A614005EA60E /* Release */ = {
			isa = XCBuildConfiguration;
			buildSettings = {
				ASSETCATALOG_COMPILER_APPICON_NAME = AppIcon;
				ASSETCATALOG_COMPILER_LAUNCHIMAGE_NAME = LaunchImage;
				CODE_SIGN_IDENTITY = "";
				GCC_PRECOMPILE_PREFIX_HEADER = YES;
				GCC_PREFIX_HEADER = "VerbannteAutoren/Verbotene Autoren-Prefix.pch";
				INFOPLIST_FILE = "VerbannteAutoren/Verbotene Autoren-Info.plist";
				PRODUCT_BUNDLE_IDENTIFIER = "com.mr-fridge.${PRODUCT_NAME:rfc1034identifier}";
				PRODUCT_NAME = "Verbotene Autoren";
				PROVISIONING_PROFILE = "E066D4D9-7AD1-45C3-8A30-A19664D9CE11";
				WRAPPER_EXTENSION = app;
			};
			name = Release;
		};
		048CE9871954A614005EA60E /* Debug */ = {
			isa = XCBuildConfiguration;
			buildSettings = {
				BUNDLE_LOADER = "$(BUILT_PRODUCTS_DIR)/VerbannteAutoren.app/VerbannteAutoren";
				FRAMEWORK_SEARCH_PATHS = (
					"$(SDKROOT)/Developer/Library/Frameworks",
					"$(inherited)",
					"$(DEVELOPER_FRAMEWORKS_DIR)",
				);
				GCC_PRECOMPILE_PREFIX_HEADER = YES;
				GCC_PREFIX_HEADER = "VerbannteAutoren/VerbannteAutoren-Prefix.pch";
				GCC_PREPROCESSOR_DEFINITIONS = (
					"DEBUG=1",
					"$(inherited)",
				);
				INFOPLIST_FILE = "VerbannteAutorenTests/Verbotene AutorenTests-Info.plist";
				PRODUCT_BUNDLE_IDENTIFIER = "com.mrFridge.${PRODUCT_NAME:rfc1034identifier}";
				PRODUCT_NAME = "Verbotene AutorenTests";
				TEST_HOST = "$(BUNDLE_LOADER)";
				WRAPPER_EXTENSION = xctest;
			};
			name = Debug;
		};
		048CE9881954A614005EA60E /* Release */ = {
			isa = XCBuildConfiguration;
			buildSettings = {
				BUNDLE_LOADER = "$(BUILT_PRODUCTS_DIR)/VerbannteAutoren.app/VerbannteAutoren";
				FRAMEWORK_SEARCH_PATHS = (
					"$(SDKROOT)/Developer/Library/Frameworks",
					"$(inherited)",
					"$(DEVELOPER_FRAMEWORKS_DIR)",
				);
				GCC_PRECOMPILE_PREFIX_HEADER = YES;
				GCC_PREFIX_HEADER = "VerbannteAutoren/VerbannteAutoren-Prefix.pch";
				INFOPLIST_FILE = "VerbannteAutorenTests/Verbotene AutorenTests-Info.plist";
				PRODUCT_BUNDLE_IDENTIFIER = "com.mrFridge.${PRODUCT_NAME:rfc1034identifier}";
				PRODUCT_NAME = "Verbotene AutorenTests";
				TEST_HOST = "$(BUNDLE_LOADER)";
				WRAPPER_EXTENSION = xctest;
			};
			name = Release;
		};
/* End XCBuildConfiguration section */

/* Begin XCConfigurationList section */
		048CE94C1954A614005EA60E /* Build configuration list for PBXProject "Verbotene Autoren" */ = {
			isa = XCConfigurationList;
			buildConfigurations = (
				048CE9811954A614005EA60E /* Debug */,
				048CE9821954A614005EA60E /* Release */,
			);
			defaultConfigurationIsVisible = 0;
			defaultConfigurationName = Release;
		};
		048CE9831954A614005EA60E /* Build configuration list for PBXNativeTarget "Verbotene Autoren" */ = {
			isa = XCConfigurationList;
			buildConfigurations = (
				048CE9841954A614005EA60E /* Debug */,
				048CE9851954A614005EA60E /* Release */,
			);
			defaultConfigurationIsVisible = 0;
			defaultConfigurationName = Release;
		};
		048CE9861954A614005EA60E /* Build configuration list for PBXNativeTarget "Verbotene AutorenTests" */ = {
			isa = XCConfigurationList;
			buildConfigurations = (
				048CE9871954A614005EA60E /* Debug */,
				048CE9881954A614005EA60E /* Release */,
			);
			defaultConfigurationIsVisible = 0;
			defaultConfigurationName = Release;
		};
/* End XCConfigurationList section */
	};
	rootObject = 048CE9491954A614005EA60E /* Project object */;
}
